# This file is generated by running "yarn install" inside your project.
# Manual changes might be lost - proceed with caution!

__metadata:
  version: 8
  cacheKey: 10c0

"@qt-yarn/consumer@workspace:packages/consumer":
  version: 0.0.0-use.local
  resolution: "@qt-yarn/consumer@workspace:packages/consumer"
  languageName: unknown
  linkType: soft

"@qt-yarn/producer@workspace:packages/producer":
  version: 0.0.0-use.local
  resolution: "@qt-yarn/producer@workspace:packages/producer"
  languageName: unknown
  linkType: soft

"qt-proof-yarn-workspace@workspace:.":
  version: 0.0.0-use.local
  resolution: "qt-proof-yarn-workspace@workspace:."
  languageName: unknown
  linkType: soft
